
Microsoft Visual Studio Solution File, Format Version 12.00
Project("{FAE04EC0-301F-11D3-BF4B-00C04F79EFBC}") = "NewsApp.api", "NewsApp.api\NewsApp.api.csproj", "{1FDC9EA7-5CBD-4802-B535-D99F89926626}"
EndProject
Project("{FAE04EC0-301F-11D3-BF4B-00C04F79EFBC}") = "NewsApp.Test", "NewsApp.Test\NewsApp.Test.csproj", "{D14306B8-5483-49F5-B69C-8532B455C1C4}"
EndProject
Project("{2150E333-8FDC-42A3-9474-1A3956D46DE8}") = "src", "src", "{52B73E46-19B6-4846-9BA4-D21A5813BF49}"
EndProject
Project("{2150E333-8FDC-42A3-9474-1A3956D46DE8}") = "tests", "tests", "{FFC4965E-8BA2-465A-B370-76A2C3A03F94}"
EndProject
Global
	GlobalSection(SolutionConfigurationPlatforms) = preSolution
		Debug|Any CPU = Debug|Any CPU
		Release|Any CPU = Release|Any CPU
	EndGlobalSection
	GlobalSection(ProjectConfigurationPlatforms) = postSolution
		{1FDC9EA7-5CBD-4802-B535-D99F89926626}.Debug|Any CPU.ActiveCfg = Debug|Any CPU
		{1FDC9EA7-5CBD-4802-B535-D99F89926626}.Debug|Any CPU.Build.0 = Debug|Any CPU
		{1FDC9EA7-5CBD-4802-B535-D99F89926626}.Release|Any CPU.ActiveCfg = Release|Any CPU
		{1FDC9EA7-5CBD-4802-B535-D99F89926626}.Release|Any CPU.Build.0 = Release|Any CPU
		{D14306B8-5483-49F5-B69C-8532B455C1C4}.Debug|Any CPU.ActiveCfg = Debug|Any CPU
		{D14306B8-5483-49F5-B69C-8532B455C1C4}.Debug|Any CPU.Build.0 = Debug|Any CPU
		{D14306B8-5483-49F5-B69C-8532B455C1C4}.Release|Any CPU.ActiveCfg = Release|Any CPU
		{D14306B8-5483-49F5-B69C-8532B455C1C4}.Release|Any CPU.Build.0 = Release|Any CPU
	EndGlobalSection
	GlobalSection(NestedProjects) = preSolution
		{1FDC9EA7-5CBD-4802-B535-D99F89926626} = {52B73E46-19B6-4846-9BA4-D21A5813BF49}
		{D14306B8-5483-49F5-B69C-8532B455C1C4} = {FFC4965E-8BA2-465A-B370-76A2C3A03F94}
	EndGlobalSection
EndGlobal
